// !$*UTF8*$!
{
	archiveVersion = 1;
	classes = {
	};
	objectVersion = 46;
	objects = {

/* Begin PBXBuildFile section */
		86A611E718CEDC3F001E113E /* Foundation.framework in Frameworks */ = {isa = PBXBuildFile; fileRef = 86A611E618CEDC3F001E113E /* Foundation.framework */; };
		86A611E918CEDC3F001E113E /* CoreGraphics.framework in Frameworks */ = {isa = PBXBuildFile; fileRef = 86A611E818CEDC3F001E113E /* CoreGraphics.framework */; };
		86A611EB18CEDC3F001E113E /* UIKit.framework in Frameworks */ = {isa = PBXBuildFile; fileRef = 86A611EA18CEDC3F001E113E /* UIKit.framework */; };
		86A611ED18CEDC3F001E113E /* SpriteKit.framework in Frameworks */ = {isa = PBXBuildFile; fileRef = 86A611EC18CEDC3F001E113E /* SpriteKit.framework */; };
		86A611F318CEDC3F001E113E /* InfoPlist.strings in Resources */ = {isa = PBXBuildFile; fileRef = 86A611F118CEDC3F001E113E /* InfoPlist.strings */; };
		86A611F518CEDC3F001E113E /* main.m in Sources */ = {isa = PBXBuildFile; fileRef = 86A611F418CEDC3F001E113E /* main.m */; };
		86A611F918CEDC3F001E113E /* OCAppDelegate.m in Sources */ = {isa = PBXBuildFile; fileRef = 86A611F818CEDC3F001E113E /* OCAppDelegate.m */; };
		86A611FC18CEDC3F001E113E /* Main.storyboard in Resources */ = {isa = PBXBuildFile; fileRef = 86A611FA18CEDC3F001E113E /* Main.storyboard */; };
		86A611FF18CEDC3F001E113E /* OCViewController.m in Sources */ = {isa = PBXBuildFile; fileRef = 86A611FE18CEDC3F001E113E /* OCViewController.m */; };
		86A6120618CEDC3F001E113E /* Images.xcassets in Resources */ = {isa = PBXBuildFile; fileRef = 86A6120518CEDC3F001E113E /* Images.xcassets */; };
		86A6120D18CEDC40001E113E /* XCTest.framework in Frameworks */ = {isa = PBXBuildFile; fileRef = 86A6120C18CEDC40001E113E /* XCTest.framework */; };
		86A6120E18CEDC40001E113E /* Foundation.framework in Frameworks */ = {isa = PBXBuildFile; fileRef = 86A611E618CEDC3F001E113E /* Foundation.framework */; };
		86A6120F18CEDC40001E113E /* UIKit.framework in Frameworks */ = {isa = PBXBuildFile; fileRef = 86A611EA18CEDC3F001E113E /* UIKit.framework */; };
		86A6121718CEDC40001E113E /* InfoPlist.strings in Resources */ = {isa = PBXBuildFile; fileRef = 86A6121518CEDC40001E113E /* InfoPlist.strings */; };
		86A6121918CEDC40001E113E /* OneChanceTests.m in Sources */ = {isa = PBXBuildFile; fileRef = 86A6121818CEDC40001E113E /* OneChanceTests.m */; };
		86A6122418CEDC82001E113E /* OCGameScene.m in Sources */ = {isa = PBXBuildFile; fileRef = 86A6122318CEDC82001E113E /* OCGameScene.m */; };
		86A6122918CEDD06001E113E /* OCCharacter.m in Sources */ = {isa = PBXBuildFile; fileRef = 86A6122818CEDD06001E113E /* OCCharacter.m */; };
		86A6122D18CEDD17001E113E /* OCSprite.m in Sources */ = {isa = PBXBuildFile; fileRef = 86A6122C18CEDD17001E113E /* OCSprite.m */; };
		86A6123318CEF41E001E113E /* JCControlPad.m in Sources */ = {isa = PBXBuildFile; fileRef = 86A6122F18CEF41E001E113E /* JCControlPad.m */; };
		86A6123418CEF41E001E113E /* JCMath.m in Sources */ = {isa = PBXBuildFile; fileRef = 86A6123118CEF41E001E113E /* JCMath.m */; };
/* End PBXBuildFile section */

/* Begin PBXContainerItemProxy section */
		86A6121018CEDC40001E113E /* PBXContainerItemProxy */ = {
			isa = PBXContainerItemProxy;
			containerPortal = 86A611DB18CEDC3F001E113E /* Project object */;
			proxyType = 1;
			remoteGlobalIDString = 86A611E218CEDC3F001E113E;
			remoteInfo = OneChance;
		};
/* End PBXContainerItemProxy section */

/* Begin PBXFileReference section */
		86A611E318CEDC3F001E113E /* OneChance.app */ = {isa = PBXFileReference; explicitFileType = wrapper.application; includeInIndex = 0; path = OneChance.app; sourceTree = BUILT_PRODUCTS_DIR; };
		86A611E618CEDC3F001E113E /* Foundation.framework */ = {isa = PBXFileReference; lastKnownFileType = wrapper.framework; name = Foundation.framework; path = System/Library/Frameworks/Foundation.framework; sourceTree = SDKROOT; };
		86A611E818CEDC3F001E113E /* CoreGraphics.framework */ = {isa = PBXFileReference; lastKnownFileType = wrapper.framework; name = CoreGraphics.framework; path = System/Library/Frameworks/CoreGraphics.framework; sourceTree = SDKROOT; };
		86A611EA18CEDC3F001E113E /* UIKit.framework */ = {isa = PBXFileReference; lastKnownFileType = wrapper.framework; name = UIKit.framework; path = System/Library/Frameworks/UIKit.framework; sourceTree = SDKROOT; };
		86A611EC18CEDC3F001E113E /* SpriteKit.framework */ = {isa = PBXFileReference; lastKnownFileType = wrapper.framework; name = SpriteKit.framework; path = System/Library/Frameworks/SpriteKit.framework; sourceTree = SDKROOT; };
		86A611F018CEDC3F001E113E /* OneChance-Info.plist */ = {isa = PBXFileReference; lastKnownFileType = text.plist.xml; path = "OneChance-Info.plist"; sourceTree = "<group>"; };
		86A611F218CEDC3F001E113E /* en */ = {isa = PBXFileReference; lastKnownFileType = text.plist.strings; name = en; path = en.lproj/InfoPlist.strings; sourceTree = "<group>"; };
		86A611F418CEDC3F001E113E /* main.m */ = {isa = PBXFileReference; lastKnownFileType = sourcecode.c.objc; path = main.m; sourceTree = "<group>"; };
		86A611F618CEDC3F001E113E /* OneChance-Prefix.pch */ = {isa = PBXFileReference; lastKnownFileType = sourcecode.c.h; path = "OneChance-Prefix.pch"; sourceTree = "<group>"; };
		86A611F718CEDC3F001E113E /* OCAppDelegate.h */ = {isa = PBXFileReference; lastKnownFileType = sourcecode.c.h; path = OCAppDelegate.h; sourceTree = "<group>"; };
		86A611F818CEDC3F001E113E /* OCAppDelegate.m */ = {isa = PBXFileReference; lastKnownFileType = sourcecode.c.objc; path = OCAppDelegate.m; sourceTree = "<group>"; };
		86A611FB18CEDC3F001E113E /* Base */ = {isa = PBXFileReference; lastKnownFileType = file.storyboard; name = Base; path = Base.lproj/Main.storyboard; sourceTree = "<group>"; };
		86A611FD18CEDC3F001E113E /* OCViewController.h */ = {isa = PBXFileReference; lastKnownFileType = sourcecode.c.h; path = OCViewController.h; sourceTree = "<group>"; };
		86A611FE18CEDC3F001E113E /* OCViewController.m */ = {isa = PBXFileReference; lastKnownFileType = sourcecode.c.objc; path = OCViewController.m; sourceTree = "<group>"; };
		86A6120518CEDC3F001E113E /* Images.xcassets */ = {isa = PBXFileReference; lastKnownFileType = folder.assetcatalog; path = Images.xcassets; sourceTree = "<group>"; };
		86A6120B18CEDC40001E113E /* OneChanceTests.xctest */ = {isa = PBXFileReference; explicitFileType = wrapper.cfbundle; includeInIndex = 0; path = OneChanceTests.xctest; sourceTree = BUILT_PRODUCTS_DIR; };
		86A6120C18CEDC40001E113E /* XCTest.framework */ = {isa = PBXFileReference; lastKnownFileType = wrapper.framework; name = XCTest.framework; path = Library/Frameworks/XCTest.framework; sourceTree = DEVELOPER_DIR; };
		86A6121418CEDC40001E113E /* OneChanceTests-Info.plist */ = {isa = PBXFileReference; lastKnownFileType = text.plist.xml; path = "OneChanceTests-Info.plist"; sourceTree = "<group>"; };
		86A6121618CEDC40001E113E /* en */ = {isa = PBXFileReference; lastKnownFileType = text.plist.strings; name = en; path = en.lproj/InfoPlist.strings; sourceTree = "<group>"; };
		86A6121818CEDC40001E113E /* OneChanceTests.m */ = {isa = PBXFileReference; lastKnownFileType = sourcecode.c.objc; path = OneChanceTests.m; sourceTree = "<group>"; };
		86A6122218CEDC82001E113E /* OCGameScene.h */ = {isa = PBXFileReference; fileEncoding = 4; lastKnownFileType = sourcecode.c.h; path = OCGameScene.h; sourceTree = "<group>"; };
		86A6122318CEDC82001E113E /* OCGameScene.m */ = {isa = PBXFileReference; fileEncoding = 4; lastKnownFileType = sourcecode.c.objc; path = OCGameScene.m; sourceTree = "<group>"; };
		86A6122718CEDD06001E113E /* OCCharacter.h */ = {isa = PBXFileReference; fileEncoding = 4; lastKnownFileType = sourcecode.c.h; path = OCCharacter.h; sourceTree = "<group>"; };
		86A6122818CEDD06001E113E /* OCCharacter.m */ = {isa = PBXFileReference; fileEncoding = 4; lastKnownFileType = sourcecode.c.objc; path = OCCharacter.m; sourceTree = "<group>"; };
		86A6122B18CEDD17001E113E /* OCSprite.h */ = {isa = PBXFileReference; fileEncoding = 4; lastKnownFileType = sourcecode.c.h; path = OCSprite.h; sourceTree = "<group>"; };
		86A6122C18CEDD17001E113E /* OCSprite.m */ = {isa = PBXFileReference; fileEncoding = 4; lastKnownFileType = sourcecode.c.objc; path = OCSprite.m; sourceTree = "<group>"; };
		86A6122E18CEF41E001E113E /* JCControlPad.h */ = {isa = PBXFileReference; fileEncoding = 4; lastKnownFileType = sourcecode.c.h; path = JCControlPad.h; sourceTree = "<group>"; };
		86A6122F18CEF41E001E113E /* JCControlPad.m */ = {isa = PBXFileReference; fileEncoding = 4; lastKnownFileType = sourcecode.c.objc; path = JCControlPad.m; sourceTree = "<group>"; };
		86A6123018CEF41E001E113E /* JCMath.h */ = {isa = PBXFileReference; fileEncoding = 4; lastKnownFileType = sourcecode.c.h; path = JCMath.h; sourceTree = "<group>"; };
		86A6123118CEF41E001E113E /* JCMath.m */ = {isa = PBXFileReference; fileEncoding = 4; lastKnownFileType = sourcecode.c.objc; path = JCMath.m; sourceTree = "<group>"; };
		86A6123218CEF41E001E113E /* Macros.h */ = {isa = PBXFileReference; fileEncoding = 4; lastKnownFileType = sourcecode.c.h; path = Macros.h; sourceTree = "<group>"; };
/* End PBXFileReference section */

/* Begin PBXFrameworksBuildPhase section */
		86A611E018CEDC3F001E113E /* Frameworks */ = {
			isa = PBXFrameworksBuildPhase;
			buildActionMask = 2147483647;
			files = (
				86A611E918CEDC3F001E113E /* CoreGraphics.framework in Frameworks */,
				86A611EB18CEDC3F001E113E /* UIKit.framework in Frameworks */,
				86A611ED18CEDC3F001E113E /* SpriteKit.framework in Frameworks */,
				86A611E718CEDC3F001E113E /* Foundation.framework in Frameworks */,
			);
			runOnlyForDeploymentPostprocessing = 0;
		};
		86A6120818CEDC40001E113E /* Frameworks */ = {
			isa = PBXFrameworksBuildPhase;
			buildActionMask = 2147483647;
			files = (
				86A6120D18CEDC40001E113E /* XCTest.framework in Frameworks */,
				86A6120F18CEDC40001E113E /* UIKit.framework in Frameworks */,
				86A6120E18CEDC40001E113E /* Foundation.framework in Frameworks */,
			);
			runOnlyForDeploymentPostprocessing = 0;
		};
/* End PBXFrameworksBuildPhase section */

/* Begin PBXGroup section */
		86A611DA18CEDC3F001E113E = {
			isa = PBXGroup;
			children = (
				86A611EE18CEDC3F001E113E /* OneChance */,
				86A6121218CEDC40001E113E /* OneChanceTests */,
				86A611E518CEDC3F001E113E /* Frameworks */,
				86A611E418CEDC3F001E113E /* Products */,
			);
			sourceTree = "<group>";
		};
		86A611E418CEDC3F001E113E /* Products */ = {
			isa = PBXGroup;
			children = (
				86A611E318CEDC3F001E113E /* OneChance.app */,
				86A6120B18CEDC40001E113E /* OneChanceTests.xctest */,
			);
			name = Products;
			sourceTree = "<group>";
		};
		86A611E518CEDC3F001E113E /* Frameworks */ = {
			isa = PBXGroup;
			children = (
				86A6122E18CEF41E001E113E /* JCControlPad.h */,
				86A6122F18CEF41E001E113E /* JCControlPad.m */,
				86A6123018CEF41E001E113E /* JCMath.h */,
				86A6123118CEF41E001E113E /* JCMath.m */,
				86A6123218CEF41E001E113E /* Macros.h */,
				86A611E618CEDC3F001E113E /* Foundation.framework */,
				86A611E818CEDC3F001E113E /* CoreGraphics.framework */,
				86A611EA18CEDC3F001E113E /* UIKit.framework */,
				86A611EC18CEDC3F001E113E /* SpriteKit.framework */,
				86A6120C18CEDC40001E113E /* XCTest.framework */,
			);
			name = Frameworks;
			sourceTree = "<group>";
		};
		86A611EE18CEDC3F001E113E /* OneChance */ = {
			isa = PBXGroup;
			children = (
				86A611F718CEDC3F001E113E /* OCAppDelegate.h */,
				86A611F818CEDC3F001E113E /* OCAppDelegate.m */,
				86A611FA18CEDC3F001E113E /* Main.storyboard */,
				86A6122518CEDCF4001E113E /* View */,
				86A6122618CEDCF7001E113E /* Scenes */,
				86A6122A18CEDD0B001E113E /* Model */,
				86A6120518CEDC3F001E113E /* Images.xcassets */,
				86A611EF18CEDC3F001E113E /* Supporting Files */,
			);
			path = OneChance;
			sourceTree = "<group>";
		};
		86A611EF18CEDC3F001E113E /* Supporting Files */ = {
			isa = PBXGroup;
			children = (
				86A611F018CEDC3F001E113E /* OneChance-Info.plist */,
				86A611F118CEDC3F001E113E /* InfoPlist.strings */,
				86A611F418CEDC3F001E113E /* main.m */,
				86A611F618CEDC3F001E113E /* OneChance-Prefix.pch */,
			);
			name = "Supporting Files";
			sourceTree = "<group>";
		};
		86A6121218CEDC40001E113E /* OneChanceTests */ = {
			isa = PBXGroup;
			children = (
				86A6121818CEDC40001E113E /* OneChanceTests.m */,
				86A6121318CEDC40001E113E /* Supporting Files */,
			);
			path = OneChanceTests;
			sourceTree = "<group>";
		};
		86A6121318CEDC40001E113E /* Supporting Files */ = {
			isa = PBXGroup;
			children = (
				86A6121418CEDC40001E113E /* OneChanceTests-Info.plist */,
				86A6121518CEDC40001E113E /* InfoPlist.strings */,
			);
			name = "Supporting Files";
			sourceTree = "<group>";
		};
		86A6122518CEDCF4001E113E /* View */ = {
			isa = PBXGroup;
			children = (
				86A611FD18CEDC3F001E113E /* OCViewController.h */,
				86A611FE18CEDC3F001E113E /* OCViewController.m */,
			);
			name = View;
			sourceTree = "<group>";
		};
		86A6122618CEDCF7001E113E /* Scenes */ = {
			isa = PBXGroup;
			children = (
				86A6122218CEDC82001E113E /* OCGameScene.h */,
				86A6122318CEDC82001E113E /* OCGameScene.m */,
			);
			name = Scenes;
			sourceTree = "<group>";
		};
		86A6122A18CEDD0B001E113E /* Model */ = {
			isa = PBXGroup;
			children = (
				86A6122B18CEDD17001E113E /* OCSprite.h */,
				86A6122C18CEDD17001E113E /* OCSprite.m */,
				86A6122718CEDD06001E113E /* OCCharacter.h */,
				86A6122818CEDD06001E113E /* OCCharacter.m */,
			);
			name = Model;
			sourceTree = "<group>";
		};
/* End PBXGroup section */

/* Begin PBXNativeTarget section */
		86A611E218CEDC3F001E113E /* OneChance */ = {
			isa = PBXNativeTarget;
			buildConfigurationList = 86A6121C18CEDC40001E113E /* Build configuration list for PBXNativeTarget "OneChance" */;
			buildPhases = (
				86A611DF18CEDC3F001E113E /* Sources */,
				86A611E018CEDC3F001E113E /* Frameworks */,
				86A611E118CEDC3F001E113E /* Resources */,
			);
			buildRules = (
			);
			dependencies = (
			);
			name = OneChance;
			productName = OneChance;
			productReference = 86A611E318CEDC3F001E113E /* OneChance.app */;
			productType = "com.apple.product-type.application";
		};
		86A6120A18CEDC40001E113E /* OneChanceTests */ = {
			isa = PBXNativeTarget;
			buildConfigurationList = 86A6121F18CEDC40001E113E /* Build configuration list for PBXNativeTarget "OneChanceTests" */;
			buildPhases = (
				86A6120718CEDC40001E113E /* Sources */,
				86A6120818CEDC40001E113E /* Frameworks */,
				86A6120918CEDC40001E113E /* Resources */,
			);
			buildRules = (
			);
			dependencies = (
				86A6121118CEDC40001E113E /* PBXTargetDependency */,
			);
			name = OneChanceTests;
			productName = OneChanceTests;
			productReference = 86A6120B18CEDC40001E113E /* OneChanceTests.xctest */;
			productType = "com.apple.product-type.bundle.unit-test";
		};
/* End PBXNativeTarget section */

/* Begin PBXProject section */
		86A611DB18CEDC3F001E113E /* Project object */ = {
			isa = PBXProject;
			attributes = {
				CLASSPREFIX = OC;
				LastUpgradeCheck = 0500;
				ORGANIZATIONNAME = "Jon Como";
				TargetAttributes = {
					86A6120A18CEDC40001E113E = {
						TestTargetID = 86A611E218CEDC3F001E113E;
					};
				};
			};
			buildConfigurationList = 86A611DE18CEDC3F001E113E /* Build configuration list for PBXProject "OneChance" */;
			compatibilityVersion = "Xcode 3.2";
			developmentRegion = English;
			hasScannedForEncodings = 0;
			knownRegions = (
				en,
				Base,
			);
			mainGroup = 86A611DA18CEDC3F001E113E;
			productRefGroup = 86A611E418CEDC3F001E113E /* Products */;
			projectDirPath = "";
			projectRoot = "";
			targets = (
				86A611E218CEDC3F001E113E /* OneChance */,
				86A6120A18CEDC40001E113E /* OneChanceTests */,
			);
		};
/* End PBXProject section */

/* Begin PBXResourcesBuildPhase section */
		86A611E118CEDC3F001E113E /* Resources */ = {
			isa = PBXResourcesBuildPhase;
			buildActionMask = 2147483647;
			files = (
				86A611F318CEDC3F001E113E /* InfoPlist.strings in Resources */,
				86A6120618CEDC3F001E113E /* Images.xcassets in Resources */,
				86A611FC18CEDC3F001E113E /* Main.storyboard in Resources */,
			);
			runOnlyForDeploymentPostprocessing = 0;
		};
		86A6120918CEDC40001E113E /* Resources */ = {
			isa = PBXResourcesBuildPhase;
			buildActionMask = 2147483647;
			files = (
				86A6121718CEDC40001E113E /* InfoPlist.strings in Resources */,
			);
			runOnlyForDeploymentPostprocessing = 0;
		};
/* End PBXResourcesBuildPhase section */

/* Begin PBXSourcesBuildPhase section */
		86A611DF18CEDC3F001E113E /* Sources */ = {
			isa = PBXSourcesBuildPhase;
			buildActionMask = 2147483647;
			files = (
				86A611F918CEDC3F001E113E /* OCAppDelegate.m in Sources */,
				86A611F518CEDC3F001E113E /* main.m in Sources */,
				86A6123418CEF41E001E113E /* JCMath.m in Sources */,
				86A6122418CEDC82001E113E /* OCGameScene.m in Sources */,
				86A611FF18CEDC3F001E113E /* OCViewController.m in Sources */,
				86A6122D18CEDD17001E113E /* OCSprite.m in Sources */,
				86A6122918CEDD06001E113E /* OCCharacter.m in Sources */,
				86A6123318CEF41E001E113E /* JCControlPad.m in Sources */,
			);
			runOnlyForDeploymentPostprocessing = 0;
		};
		86A6120718CEDC40001E113E /* Sources */ = {
			isa = PBXSourcesBuildPhase;
			buildActionMask = 2147483647;
			files = (
				86A6121918CEDC40001E113E /* OneChanceTests.m in Sources */,
			);
			runOnlyForDeploymentPostprocessing = 0;
		};
/* End PBXSourcesBuildPhase section */

/* Begin PBXTargetDependency section */
		86A6121118CEDC40001E113E /* PBXTargetDependency */ = {
			isa = PBXTargetDependency;
			target = 86A611E218CEDC3F001E113E /* OneChance */;
			targetProxy = 86A6121018CEDC40001E113E /* PBXContainerItemProxy */;
		};
/* End PBXTargetDependency section */

/* Begin PBXVariantGroup section */
		86A611F118CEDC3F001E113E /* InfoPlist.strings */ = {
			isa = PBXVariantGroup;
			children = (
				86A611F218CEDC3F001E113E /* en */,
			);
			name = InfoPlist.strings;
			sourceTree = "<group>";
		};
		86A611FA18CEDC3F001E113E /* Main.storyboard */ = {
			isa = PBXVariantGroup;
			children = (
				86A611FB18CEDC3F001E113E /* Base */,
			);
			name = Main.storyboard;
			sourceTree = "<group>";
		};
		86A6121518CEDC40001E113E /* InfoPlist.strings */ = {
			isa = PBXVariantGroup;
			children = (
				86A6121618CEDC40001E113E /* en */,
			);
			name = InfoPlist.strings;
			sourceTree = "<group>";
		};
/* End PBXVariantGroup section */

/* Begin XCBuildConfiguration section */
		86A6121A18CEDC40001E113E /* Debug */ = {
			isa = XCBuildConfiguration;
			buildSettings = {
				ALWAYS_SEARCH_USER_PATHS = NO;
				ARCHS = "$(ARCHS_STANDARD_INCLUDING_64_BIT)";
				CLANG_CXX_LANGUAGE_STANDARD = "gnu++0x";
				CLANG_CXX_LIBRARY = "libc++";
				CLANG_ENABLE_MODULES = YES;
				CLANG_ENABLE_OBJC_ARC = YES;
				CLANG_WARN_BOOL_CONVERSION = YES;
				CLANG_WARN_CONSTANT_CONVERSION = YES;
				CLANG_WARN_DIRECT_OBJC_ISA_USAGE = YES_ERROR;
				CLANG_WARN_EMPTY_BODY = YES;
				CLANG_WARN_ENUM_CONVERSION = YES;
				CLANG_WARN_INT_CONVERSION = YES;
				CLANG_WARN_OBJC_ROOT_CLASS = YES_ERROR;
				CLANG_WARN__DUPLICATE_METHOD_MATCH = YES;
				"CODE_SIGN_IDENTITY[sdk=iphoneos*]" = "iPhone Developer";
				COPY_PHASE_STRIP = NO;
				GCC_C_LANGUAGE_STANDARD = gnu99;
				GCC_DYNAMIC_NO_PIC = NO;
				GCC_OPTIMIZATION_LEVEL = 0;
				GCC_PREPROCESSOR_DEFINITIONS = (
					"DEBUG=1",
					"$(inherited)",
				);
				GCC_SYMBOLS_PRIVATE_EXTERN = NO;
				GCC_WARN_64_TO_32_BIT_CONVERSION = YES;
				GCC_WARN_ABOUT_RETURN_TYPE = YES_ERROR;
				GCC_WARN_UNDECLARED_SELECTOR = YES;
				GCC_WARN_UNINITIALIZED_AUTOS = YES;
				GCC_WARN_UNUSED_FUNCTION = YES;
				GCC_WARN_UNUSED_VARIABLE = YES;
				IPHONEOS_DEPLOYMENT_TARGET = 7.0;
				ONLY_ACTIVE_ARCH = YES;
				SDKROOT = iphoneos;
			};
			name = Debug;
		};
		86A6121B18CEDC40001E113E /* Release */ = {
			isa = XCBuildConfiguration;
			buildSettings = {
				ALWAYS_SEARCH_USER_PATHS = NO;
				ARCHS = "$(ARCHS_STANDARD_INCLUDING_64_BIT)";
				CLANG_CXX_LANGUAGE_STANDARD = "gnu++0x";
				CLANG_CXX_LIBRARY = "libc++";
				CLANG_ENABLE_MODULES = YES;
				CLANG_ENABLE_OBJC_ARC = YES;
				CLANG_WARN_BOOL_CONVERSION = YES;
				CLANG_WARN_CONSTANT_CONVERSION = YES;
				CLANG_WARN_DIRECT_OBJC_ISA_USAGE = YES_ERROR;
				CLANG_WARN_EMPTY_BODY = YES;
				CLANG_WARN_ENUM_CONVERSION = YES;
				CLANG_WARN_INT_CONVERSION = YES;
				CLANG_WARN_OBJC_ROOT_CLASS = YES_ERROR;
				CLANG_WARN__DUPLICATE_METHOD_MATCH = YES;
				"CODE_SIGN_IDENTITY[sdk=iphoneos*]" = "iPhone Developer";
				COPY_PHASE_STRIP = YES;
				ENABLE_NS_ASSERTIONS = NO;
				GCC_C_LANGUAGE_STANDARD = gnu99;
				GCC_WARN_64_TO_32_BIT_CONVERSION = YES;
				GCC_WARN_ABOUT_RETURN_TYPE = YES_ERROR;
				GCC_WARN_UNDECLARED_SELECTOR = YES;
				GCC_WARN_UNINITIALIZED_AUTOS = YES;
				GCC_WARN_UNUSED_FUNCTION = YES;
				GCC_WARN_UNUSED_VARIABLE = YES;
				IPHONEOS_DEPLOYMENT_TARGET = 7.0;
				SDKROOT = iphoneos;
				VALIDATE_PRODUCT = YES;
			};
			name = Release;
		};
		86A6121D18CEDC40001E113E /* Debug */ = {
			isa = XCBuildConfiguration;
			buildSettings = {
				ASSETCATALOG_COMPILER_APPICON_NAME = AppIcon;
				ASSETCATALOG_COMPILER_LAUNCHIMAGE_NAME = LaunchImage;
				GCC_PRECOMPILE_PREFIX_HEADER = YES;
				GCC_PREFIX_HEADER = "OneChance/OneChance-Prefix.pch";
				INFOPLIST_FILE = "OneChance/OneChance-Info.plist";
				PRODUCT_NAME = "$(TARGET_NAME)";
				SPRITEKIT_TEXTURE_ATLAS_OUTPUT = YES;
				WRAPPER_EXTENSION = app;
			};
			name = Debug;
		};
		86A6121E18CEDC40001E113E /* Release */ = {
			isa = XCBuildConfiguration;
			buildSettings = {
				ASSETCATALOG_COMPILER_APPICON_NAME = AppIcon;
				ASSETCATALOG_COMPILER_LAUNCHIMAGE_NAME = LaunchImage;
				GCC_PRECOMPILE_PREFIX_HEADER = YES;
				GCC_PREFIX_HEADER = "OneChance/OneChance-Prefix.pch";
				INFOPLIST_FILE = "OneChance/OneChance-Info.plist";
				PRODUCT_NAME = "$(TARGET_NAME)";
				SPRITEKIT_TEXTURE_ATLAS_OUTPUT = YES;
				WRAPPER_EXTENSION = app;
			};
			name = Release;
		};
		86A6122018CEDC40001E113E /* Debug */ = {
			isa = XCBuildConfiguration;
			buildSettings = {
				ARCHS = "$(ARCHS_STANDARD_INCLUDING_64_BIT)";
				BUNDLE_LOADER = "$(BUILT_PRODUCTS_DIR)/OneChance.app/OneChance";
				FRAMEWORK_SEARCH_PATHS = (
					"$(SDKROOT)/Developer/Library/Frameworks",
					"$(inherited)",
					"$(DEVELOPER_FRAMEWORKS_DIR)",
				);
				GCC_PRECOMPILE_PREFIX_HEADER = YES;
				GCC_PREFIX_HEADER = "OneChance/OneChance-Prefix.pch";
				GCC_PREPROCESSOR_DEFINITIONS = (
					"DEBUG=1",
					"$(inherited)",
				);
				INFOPLIST_FILE = "OneChanceTests/OneChanceTests-Info.plist";
				PRODUCT_NAME = "$(TARGET_NAME)";
				TEST_HOST = "$(BUNDLE_LOADER)";
				WRAPPER_EXTENSION = xctest;
			};
			name = Debug;
		};
		86A6122118CEDC40001E113E /* Release */ = {
			isa = XCBuildConfiguration;
			buildSettings = {
				ARCHS = "$(ARCHS_STANDARD_INCLUDING_64_BIT)";
				BUNDLE_LOADER = "$(BUILT_PRODUCTS_DIR)/OneChance.app/OneChance";
				FRAMEWORK_SEARCH_PATHS = (
					"$(SDKROOT)/Developer/Library/Frameworks",
					"$(inherited)",
					"$(DEVELOPER_FRAMEWORKS_DIR)",
				);
				GCC_PRECOMPILE_PREFIX_HEADER = YES;
				GCC_PREFIX_HEADER = "OneChance/OneChance-Prefix.pch";
				INFOPLIST_FILE = "OneChanceTests/OneChanceTests-Info.plist";
				PRODUCT_NAME = "$(TARGET_NAME)";
				TEST_HOST = "$(BUNDLE_LOADER)";
				WRAPPER_EXTENSION = xctest;
			};
			name = Release;
		};
/* End XCBuildConfiguration section */

/* Begin XCConfigurationList section */
		86A611DE18CEDC3F001E113E /* Build configuration list for PBXProject "OneChance" */ = {
			isa = XCConfigurationList;
			buildConfigurations = (
				86A6121A18CEDC40001E113E /* Debug */,
				86A6121B18CEDC40001E113E /* Release */,
			);
			defaultConfigurationIsVisible = 0;
			defaultConfigurationName = Release;
		};
		86A6121C18CEDC40001E113E /* Build configuration list for PBXNativeTarget "OneChance" */ = {
			isa = XCConfigurationList;
			buildConfigurations = (
				86A6121D18CEDC40001E113E /* Debug */,
				86A6121E18CEDC40001E113E /* Release */,
			);
			defaultConfigurationIsVisible = 0;
		};
		86A6121F18CEDC40001E113E /* Build configuration list for PBXNativeTarget "OneChanceTests" */ = {
			isa = XCConfigurationList;
			buildConfigurations = (
				86A6122018CEDC40001E113E /* Debug */,
				86A6122118CEDC40001E113E /* Release */,
			);
			defaultConfigurationIsVisible = 0;
		};
/* End XCConfigurationList section */
	};
	rootObject = 86A611DB18CEDC3F001E113E /* Project object */;
}
